// !$*UTF8*$!
{
	archiveVersion = 1;
	classes = {
	};
	objectVersion = 55;
	objects = {

/* Begin PBXBuildFile section */
		2FCC1D0128A8DAE800E24B45 /* AppDelegate.swift in Sources */ = {isa = PBXBuildFile; fileRef = 2FCC1D0028A8DAE800E24B45 /* AppDelegate.swift */; };
		2FCC1D0328A8DAE800E24B45 /* SceneDelegate.swift in Sources */ = {isa = PBXBuildFile; fileRef = 2FCC1D0228A8DAE800E24B45 /* SceneDelegate.swift */; };
		2FCC1D0528A8DAE800E24B45 /* ViewController.swift in Sources */ = {isa = PBXBuildFile; fileRef = 2FCC1D0428A8DAE800E24B45 /* ViewController.swift */; };
		2FCC1D0828A8DAE800E24B45 /* Main.storyboard in Resources */ = {isa = PBXBuildFile; fileRef = 2FCC1D0628A8DAE800E24B45 /* Main.storyboard */; };
		2FCC1D0A28A8DAE800E24B45 /* Assets.xcassets in Resources */ = {isa = PBXBuildFile; fileRef = 2FCC1D0928A8DAE800E24B45 /* Assets.xcassets */; };
		2FCC1D0D28A8DAE800E24B45 /* LaunchScreen.storyboard in Resources */ = {isa = PBXBuildFile; fileRef = 2FCC1D0B28A8DAE800E24B45 /* LaunchScreen.storyboard */; };
		2FCC1D1628A8DB3700E24B45 /* Alamofire in Frameworks */ = {isa = PBXBuildFile; productRef = 2FCC1D1528A8DB3700E24B45 /* Alamofire */; };
		2FCC1D1928A8DB4C00E24B45 /* SwiftyJSON in Frameworks */ = {isa = PBXBuildFile; productRef = 2FCC1D1828A8DB4C00E24B45 /* SwiftyJSON */; };
		2FCC1D1C28A8DB5C00E24B45 /* Kingfisher in Frameworks */ = {isa = PBXBuildFile; productRef = 2FCC1D1B28A8DB5C00E24B45 /* Kingfisher */; };
		2FCC1D1E28A8DB7900E24B45 /* APIManager.swift in Sources */ = {isa = PBXBuildFile; fileRef = 2FCC1D1D28A8DB7900E24B45 /* APIManager.swift */; };
		2FCC1D2028A8DB9F00E24B45 /* .gitignore in Resources */ = {isa = PBXBuildFile; fileRef = 2FCC1D1F28A8DB9F00E24B45 /* .gitignore */; };
		2FCC1D2228A8DBCF00E24B45 /* Key.swift in Sources */ = {isa = PBXBuildFile; fileRef = 2FCC1D2128A8DBCF00E24B45 /* Key.swift */; };
		2FCC1D2428A8DBFE00E24B45 /* weather.swift in Sources */ = {isa = PBXBuildFile; fileRef = 2FCC1D2328A8DBFE00E24B45 /* weather.swift */; };
/* End PBXBuildFile section */

/* Begin PBXFileReference section */
		2FCC1CFD28A8DAE800E24B45 /* weatherProject.app */ = {isa = PBXFileReference; explicitFileType = wrapper.application; includeInIndex = 0; path = weatherProject.app; sourceTree = BUILT_PRODUCTS_DIR; };
		2FCC1D0028A8DAE800E24B45 /* AppDelegate.swift */ = {isa = PBXFileReference; lastKnownFileType = sourcecode.swift; path = AppDelegate.swift; sourceTree = "<group>"; };
		2FCC1D0228A8DAE800E24B45 /* SceneDelegate.swift */ = {isa = PBXFileReference; lastKnownFileType = sourcecode.swift; path = SceneDelegate.swift; sourceTree = "<group>"; };
		2FCC1D0428A8DAE800E24B45 /* ViewController.swift */ = {isa = PBXFileReference; lastKnownFileType = sourcecode.swift; path = ViewController.swift; sourceTree = "<group>"; };
		2FCC1D0728A8DAE800E24B45 /* Base */ = {isa = PBXFileReference; lastKnownFileType = file.storyboard; name = Base; path = Base.lproj/Main.storyboard; sourceTree = "<group>"; };
		2FCC1D0928A8DAE800E24B45 /* Assets.xcassets */ = {isa = PBXFileReference; lastKnownFileType = folder.assetcatalog; path = Assets.xcassets; sourceTree = "<group>"; };
		2FCC1D0C28A8DAE800E24B45 /* Base */ = {isa = PBXFileReference; lastKnownFileType = file.storyboard; name = Base; path = Base.lproj/LaunchScreen.storyboard; sourceTree = "<group>"; };
		2FCC1D0E28A8DAE800E24B45 /* Info.plist */ = {isa = PBXFileReference; lastKnownFileType = text.plist.xml; path = Info.plist; sourceTree = "<group>"; };
		2FCC1D1D28A8DB7900E24B45 /* APIManager.swift */ = {isa = PBXFileReference; lastKnownFileType = sourcecode.swift; path = APIManager.swift; sourceTree = "<group>"; };
		2FCC1D1F28A8DB9F00E24B45 /* .gitignore */ = {isa = PBXFileReference; lastKnownFileType = text; path = .gitignore; sourceTree = "<group>"; };
		2FCC1D2128A8DBCF00E24B45 /* Key.swift */ = {isa = PBXFileReference; lastKnownFileType = sourcecode.swift; path = Key.swift; sourceTree = "<group>"; };
		2FCC1D2328A8DBFE00E24B45 /* weather.swift */ = {isa = PBXFileReference; lastKnownFileType = sourcecode.swift; path = weather.swift; sourceTree = "<group>"; };
/* End PBXFileReference section */

/* Begin PBXFrameworksBuildPhase section */
		2FCC1CFA28A8DAE800E24B45 /* Frameworks */ = {
			isa = PBXFrameworksBuildPhase;
			buildActionMask = 2147483647;
			files = (
				2FCC1D1C28A8DB5C00E24B45 /* Kingfisher in Frameworks */,
				2FCC1D1928A8DB4C00E24B45 /* SwiftyJSON in Frameworks */,
				2FCC1D1628A8DB3700E24B45 /* Alamofire in Frameworks */,
			);
			runOnlyForDeploymentPostprocessing = 0;
		};
/* End PBXFrameworksBuildPhase section */

/* Begin PBXGroup section */
		2FCC1CF428A8DAE800E24B45 = {
			isa = PBXGroup;
			children = (
				2FCC1D1F28A8DB9F00E24B45 /* .gitignore */,
				2FCC1CFF28A8DAE800E24B45 /* weatherProject */,
				2FCC1CFE28A8DAE800E24B45 /* Products */,
			);
			sourceTree = "<group>";
		};
		2FCC1CFE28A8DAE800E24B45 /* Products */ = {
			isa = PBXGroup;
			children = (
				2FCC1CFD28A8DAE800E24B45 /* weatherProject.app */,
			);
			name = Products;
			sourceTree = "<group>";
		};
		2FCC1CFF28A8DAE800E24B45 /* weatherProject */ = {
			isa = PBXGroup;
			children = (
				2FCC1D0028A8DAE800E24B45 /* AppDelegate.swift */,
				2FCC1D0228A8DAE800E24B45 /* SceneDelegate.swift */,
				2FCC1D0428A8DAE800E24B45 /* ViewController.swift */,
				2FCC1D0628A8DAE800E24B45 /* Main.storyboard */,
				2FCC1D0928A8DAE800E24B45 /* Assets.xcassets */,
				2FCC1D0B28A8DAE800E24B45 /* LaunchScreen.storyboard */,
				2FCC1D0E28A8DAE800E24B45 /* Info.plist */,
				2FCC1D1D28A8DB7900E24B45 /* APIManager.swift */,
				2FCC1D2128A8DBCF00E24B45 /* Key.swift */,
				2FCC1D2328A8DBFE00E24B45 /* weather.swift */,
			);
			path = weatherProject;
			sourceTree = "<group>";
		};
/* End PBXGroup section */

/* Begin PBXNativeTarget section */
		2FCC1CFC28A8DAE800E24B45 /* weatherProject */ = {
			isa = PBXNativeTarget;
			buildConfigurationList = 2FCC1D1128A8DAE800E24B45 /* Build configuration list for PBXNativeTarget "weatherProject" */;
			buildPhases = (
				2FCC1CF928A8DAE800E24B45 /* Sources */,
				2FCC1CFA28A8DAE800E24B45 /* Frameworks */,
				2FCC1CFB28A8DAE800E24B45 /* Resources */,
			);
			buildRules = (
			);
			dependencies = (
			);
			name = weatherProject;
			packageProductDependencies = (
				2FCC1D1528A8DB3700E24B45 /* Alamofire */,
				2FCC1D1828A8DB4C00E24B45 /* SwiftyJSON */,
				2FCC1D1B28A8DB5C00E24B45 /* Kingfisher */,
			);
			productName = weatherProject;
			productReference = 2FCC1CFD28A8DAE800E24B45 /* weatherProject.app */;
			productType = "com.apple.product-type.application";
		};
/* End PBXNativeTarget section */

/* Begin PBXProject section */
		2FCC1CF528A8DAE800E24B45 /* Project object */ = {
			isa = PBXProject;
			attributes = {
				BuildIndependentTargetsInParallel = 1;
				LastSwiftUpdateCheck = 1340;
				LastUpgradeCheck = 1340;
				TargetAttributes = {
					2FCC1CFC28A8DAE800E24B45 = {
						CreatedOnToolsVersion = 13.4.1;
					};
				};
			};
			buildConfigurationList = 2FCC1CF828A8DAE800E24B45 /* Build configuration list for PBXProject "weatherProject" */;
			compatibilityVersion = "Xcode 13.0";
			developmentRegion = en;
			hasScannedForEncodings = 0;
			knownRegions = (
				en,
				Base,
			);
			mainGroup = 2FCC1CF428A8DAE800E24B45;
			packageReferences = (
				2FCC1D1428A8DB3700E24B45 /* XCRemoteSwiftPackageReference "Alamofire" */,
				2FCC1D1728A8DB4C00E24B45 /* XCRemoteSwiftPackageReference "SwiftyJSON" */,
				2FCC1D1A28A8DB5C00E24B45 /* XCRemoteSwiftPackageReference "Kingfisher" */,
			);
			productRefGroup = 2FCC1CFE28A8DAE800E24B45 /* Products */;
			projectDirPath = "";
			projectRoot = "";
			targets = (
				2FCC1CFC28A8DAE800E24B45 /* weatherProject */,
			);
		};
/* End PBXProject section */

/* Begin PBXResourcesBuildPhase section */
		2FCC1CFB28A8DAE800E24B45 /* Resources */ = {
			isa = PBXResourcesBuildPhase;
			buildActionMask = 2147483647;
			files = (
				2FCC1D2028A8DB9F00E24B45 /* .gitignore in Resources */,
				2FCC1D0D28A8DAE800E24B45 /* LaunchScreen.storyboard in Resources */,
				2FCC1D0A28A8DAE800E24B45 /* Assets.xcassets in Resources */,
				2FCC1D0828A8DAE800E24B45 /* Main.storyboard in Resources */,
			);
			runOnlyForDeploymentPostprocessing = 0;
		};
/* End PBXResourcesBuildPhase section */

/* Begin PBXSourcesBuildPhase section */
		2FCC1CF928A8DAE800E24B45 /* Sources */ = {
			isa = PBXSourcesBuildPhase;
			buildActionMask = 2147483647;
			files = (
				2FCC1D1E28A8DB7900E24B45 /* APIManager.swift in Sources */,
				2FCC1D2228A8DBCF00E24B45 /* Key.swift in Sources */,
				2FCC1D2428A8DBFE00E24B45 /* weather.swift in Sources */,
				2FCC1D0528A8DAE800E24B45 /* ViewController.swift in Sources */,
				2FCC1D0128A8DAE800E24B45 /* AppDelegate.swift in Sources */,
				2FCC1D0328A8DAE800E24B45 /* SceneDelegate.swift in Sources */,
			);
			runOnlyForDeploymentPostprocessing = 0;
		};
/* End PBXSourcesBuildPhase section */

/* Begin PBXVariantGroup section */
		2FCC1D0628A8DAE800E24B45 /* Main.storyboard */ = {
			isa = PBXVariantGroup;
			children = (
				2FCC1D0728A8DAE800E24B45 /* Base */,
			);
			name = Main.storyboard;
			sourceTree = "<group>";
		};
		2FCC1D0B28A8DAE800E24B45 /* LaunchScreen.storyboard */ = {
			isa = PBXVariantGroup;
			children = (
				2FCC1D0C28A8DAE800E24B45 /* Base */,
			);
			name = LaunchScreen.storyboard;
			sourceTree = "<group>";
		};
/* End PBXVariantGroup section */

/* Begin XCBuildConfiguration section */
		2FCC1D0F28A8DAE800E24B45 /* Debug */ = {
			isa = XCBuildConfiguration;
			buildSettings = {
				ALWAYS_SEARCH_USER_PATHS = NO;
				CLANG_ANALYZER_NONNULL = YES;
				CLANG_ANALYZER_NUMBER_OBJECT_CONVERSION = YES_AGGRESSIVE;
				CLANG_CXX_LANGUAGE_STANDARD = "gnu++17";
				CLANG_ENABLE_MODULES = YES;
				CLANG_ENABLE_OBJC_ARC = YES;
				CLANG_ENABLE_OBJC_WEAK = YES;
				CLANG_WARN_BLOCK_CAPTURE_AUTORELEASING = YES;
				CLANG_WARN_BOOL_CONVERSION = YES;
				CLANG_WARN_COMMA = YES;
				CLANG_WARN_CONSTANT_CONVERSION = YES;
				CLANG_WARN_DEPRECATED_OBJC_IMPLEMENTATIONS = YES;
				CLANG_WARN_DIRECT_OBJC_ISA_USAGE = YES_ERROR;
				CLANG_WARN_DOCUMENTATION_COMMENTS = YES;
				CLANG_WARN_EMPTY_BODY = YES;
				CLANG_WARN_ENUM_CONVERSION = YES;
				CLANG_WARN_INFINITE_RECURSION = YES;
				CLANG_WARN_INT_CONVERSION = YES;
				CLANG_WARN_NON_LITERAL_NULL_CONVERSION = YES;
				CLANG_WARN_OBJC_IMPLICIT_RETAIN_SELF = YES;
				CLANG_WARN_OBJC_LITERAL_CONVERSION = YES;
				CLANG_WARN_OBJC_ROOT_CLASS = YES_ERROR;
				CLANG_WARN_QUOTED_INCLUDE_IN_FRAMEWORK_HEADER = YES;
				CLANG_WARN_RANGE_LOOP_ANALYSIS = YES;
				CLANG_WARN_STRICT_PROTOTYPES = YES;
				CLANG_WARN_SUSPICIOUS_MOVE = YES;
				CLANG_WARN_UNGUARDED_AVAILABILITY = YES_AGGRESSIVE;
				CLANG_WARN_UNREACHABLE_CODE = YES;
				CLANG_WARN__DUPLICATE_METHOD_MATCH = YES;
				COPY_PHASE_STRIP = NO;
				DEBUG_INFORMATION_FORMAT = dwarf;
				ENABLE_STRICT_OBJC_MSGSEND = YES;
				ENABLE_TESTABILITY = YES;
				GCC_C_LANGUAGE_STANDARD = gnu11;
				GCC_DYNAMIC_NO_PIC = NO;
				GCC_NO_COMMON_BLOCKS = YES;
				GCC_OPTIMIZATION_LEVEL = 0;
				GCC_PREPROCESSOR_DEFINITIONS = (
					"DEBUG=1",
					"$(inherited)",
				);
				GCC_WARN_64_TO_32_BIT_CONVERSION = YES;
				GCC_WARN_ABOUT_RETURN_TYPE = YES_ERROR;
				GCC_WARN_UNDECLARED_SELECTOR = YES;
				GCC_WARN_UNINITIALIZED_AUTOS = YES_AGGRESSIVE;
				GCC_WARN_UNUSED_FUNCTION = YES;
				GCC_WARN_UNUSED_VARIABLE = YES;
				IPHONEOS_DEPLOYMENT_TARGET = 15.5;
				MTL_ENABLE_DEBUG_INFO = INCLUDE_SOURCE;
				MTL_FAST_MATH = YES;
				ONLY_ACTIVE_ARCH = YES;
				SDKROOT = iphoneos;
				SWIFT_ACTIVE_COMPILATION_CONDITIONS = DEBUG;
				SWIFT_OPTIMIZATION_LEVEL = "-Onone";
			};
			name = Debug;
		};
		2FCC1D1028A8DAE800E24B45 /* Release */ = {
			isa = XCBuildConfiguration;
			buildSettings = {
				ALWAYS_SEARCH_USER_PATHS = NO;
				CLANG_ANALYZER_NONNULL = YES;
				CLANG_ANALYZER_NUMBER_OBJECT_CONVERSION = YES_AGGRESSIVE;
				CLANG_CXX_LANGUAGE_STANDARD = "gnu++17";
				CLANG_ENABLE_MODULES = YES;
				CLANG_ENABLE_OBJC_ARC = YES;
				CLANG_ENABLE_OBJC_WEAK = YES;
				CLANG_WARN_BLOCK_CAPTURE_AUTORELEASING = YES;
				CLANG_WARN_BOOL_CONVERSION = YES;
				CLANG_WARN_COMMA = YES;
				CLANG_WARN_CONSTANT_CONVERSION = YES;
				CLANG_WARN_DEPRECATED_OBJC_IMPLEMENTATIONS = YES;
				CLANG_WARN_DIRECT_OBJC_ISA_USAGE = YES_ERROR;
				CLANG_WARN_DOCUMENTATION_COMMENTS = YES;
				CLANG_WARN_EMPTY_BODY = YES;
				CLANG_WARN_ENUM_CONVERSION = YES;
				CLANG_WARN_INFINITE_RECURSION = YES;
				CLANG_WARN_INT_CONVERSION = YES;
				CLANG_WARN_NON_LITERAL_NULL_CONVERSION = YES;
				CLANG_WARN_OBJC_IMPLICIT_RETAIN_SELF = YES;
				CLANG_WARN_OBJC_LITERAL_CONVERSION = YES;
				CLANG_WARN_OBJC_ROOT_CLASS = YES_ERROR;
				CLANG_WARN_QUOTED_INCLUDE_IN_FRAMEWORK_HEADER = YES;
				CLANG_WARN_RANGE_LOOP_ANALYSIS = YES;
				CLANG_WARN_STRICT_PROTOTYPES = YES;
				CLANG_WARN_SUSPICIOUS_MOVE = YES;
				CLANG_WARN_UNGUARDED_AVAILABILITY = YES_AGGRESSIVE;
				CLANG_WARN_UNREACHABLE_CODE = YES;
				CLANG_WARN__DUPLICATE_METHOD_MATCH = YES;
				COPY_PHASE_STRIP = NO;
				DEBUG_INFORMATION_FORMAT = "dwarf-with-dsym";
				ENABLE_NS_ASSERTIONS = NO;
				ENABLE_STRICT_OBJC_MSGSEND = YES;
				GCC_C_LANGUAGE_STANDARD = gnu11;
				GCC_NO_COMMON_BLOCKS = YES;
				GCC_WARN_64_TO_32_BIT_CONVERSION = YES;
				GCC_WARN_ABOUT_RETURN_TYPE = YES_ERROR;
				GCC_WARN_UNDECLARED_SELECTOR = YES;
				GCC_WARN_UNINITIALIZED_AUTOS = YES_AGGRESSIVE;
				GCC_WARN_UNUSED_FUNCTION = YES;
				GCC_WARN_UNUSED_VARIABLE = YES;
				IPHONEOS_DEPLOYMENT_TARGET = 15.5;
				MTL_ENABLE_DEBUG_INFO = NO;
				MTL_FAST_MATH = YES;
				SDKROOT = iphoneos;
				SWIFT_COMPILATION_MODE = wholemodule;
				SWIFT_OPTIMIZATION_LEVEL = "-O";
				VALIDATE_PRODUCT = YES;
			};
			name = Release;
		};
		2FCC1D1228A8DAE800E24B45 /* Debug */ = {
			isa = XCBuildConfiguration;
			buildSettings = {
				ASSETCATALOG_COMPILER_APPICON_NAME = AppIcon;
				ASSETCATALOG_COMPILER_GLOBAL_ACCENT_COLOR_NAME = AccentColor;
				CODE_SIGN_STYLE = Automatic;
				CURRENT_PROJECT_VERSION = 1;
				DEVELOPMENT_TEAM = LL4R66V6Y3;
				GENERATE_INFOPLIST_FILE = YES;
				INFOPLIST_FILE = weatherProject/Info.plist;
				INFOPLIST_KEY_UIApplicationSupportsIndirectInputEvents = YES;
				INFOPLIST_KEY_UILaunchStoryboardName = LaunchScreen;
				INFOPLIST_KEY_UIMainStoryboardFile = Main;
				INFOPLIST_KEY_UISupportedInterfaceOrientations_iPad = "UIInterfaceOrientationPortrait UIInterfaceOrientationPortraitUpsideDown UIInterfaceOrientationLandscapeLeft UIInterfaceOrientationLandscapeRight";
				INFOPLIST_KEY_UISupportedInterfaceOrientations_iPhone = "UIInterfaceOrientationPortrait UIInterfaceOrientationLandscapeLeft UIInterfaceOrientationLandscapeRight";
				LD_RUNPATH_SEARCH_PATHS = (
					"$(inherited)",
					"@executable_path/Frameworks",
				);
				MARKETING_VERSION = 1.0;
				PRODUCT_BUNDLE_IDENTIFIER = cody.weatherProject;
				PRODUCT_NAME = "$(TARGET_NAME)";
				SWIFT_EMIT_LOC_STRINGS = YES;
				SWIFT_VERSION = 5.0;
				TARGETED_DEVICE_FAMILY = "1,2";
			};
			name = Debug;
		};
		2FCC1D1328A8DAE800E24B45 /* Release */ = {
			isa = XCBuildConfiguration;
			buildSettings = {
				ASSETCATALOG_COMPILER_APPICON_NAME = AppIcon;
				ASSETCATALOG_COMPILER_GLOBAL_ACCENT_COLOR_NAME = AccentColor;
				CODE_SIGN_STYLE = Automatic;
				CURRENT_PROJECT_VERSION = 1;
				DEVELOPMENT_TEAM = LL4R66V6Y3;
				GENERATE_INFOPLIST_FILE = YES;
				INFOPLIST_FILE = weatherProject/Info.plist;
				INFOPLIST_KEY_UIApplicationSupportsIndirectInputEvents = YES;
				INFOPLIST_KEY_UILaunchStoryboardName = LaunchScreen;
				INFOPLIST_KEY_UIMainStoryboardFile = Main;
				INFOPLIST_KEY_UISupportedInterfaceOrientations_iPad = "UIInterfaceOrientationPortrait UIInterfaceOrientationPortraitUpsideDown UIInterfaceOrientationLandscapeLeft UIInterfaceOrientationLandscapeRight";
				INFOPLIST_KEY_UISupportedInterfaceOrientations_iPhone = "UIInterfaceOrientationPortrait UIInterfaceOrientationLandscapeLeft UIInterfaceOrientationLandscapeRight";
				LD_RUNPATH_SEARCH_PATHS = (
					"$(inherited)",
					"@executable_path/Frameworks",
				);
				MARKETING_VERSION = 1.0;
				PRODUCT_BUNDLE_IDENTIFIER = cody.weatherProject;
				PRODUCT_NAME = "$(TARGET_NAME)";
				SWIFT_EMIT_LOC_STRINGS = YES;
				SWIFT_VERSION = 5.0;
				TARGETED_DEVICE_FAMILY = "1,2";
			};
			name = Release;
		};
/* End XCBuildConfiguration section */

/* Begin XCConfigurationList section */
		2FCC1CF828A8DAE800E24B45 /* Build configuration list for PBXProject "weatherProject" */ = {
			isa = XCConfigurationList;
			buildConfigurations = (
				2FCC1D0F28A8DAE800E24B45 /* Debug */,
				2FCC1D1028A8DAE800E24B45 /* Release */,
			);
			defaultConfigurationIsVisible = 0;
			defaultConfigurationName = Release;
		};
		2FCC1D1128A8DAE800E24B45 /* Build configuration list for PBXNativeTarget "weatherProject" */ = {
			isa = XCConfigurationList;
			buildConfigurations = (
				2FCC1D1228A8DAE800E24B45 /* Debug */,
				2FCC1D1328A8DAE800E24B45 /* Release */,
			);
			defaultConfigurationIsVisible = 0;
			defaultConfigurationName = Release;
		};
/* End XCConfigurationList section */

/* Begin XCRemoteSwiftPackageReference section */
		2FCC1D1428A8DB3700E24B45 /* XCRemoteSwiftPackageReference "Alamofire" */ = {
			isa = XCRemoteSwiftPackageReference;
			repositoryURL = "https://github.com/Alamofire/Alamofire.git";
			requirement = {
				branch = master;
				kind = branch;
			};
		};
		2FCC1D1728A8DB4C00E24B45 /* XCRemoteSwiftPackageReference "SwiftyJSON" */ = {
			isa = XCRemoteSwiftPackageReference;
			repositoryURL = "https://github.com/SwiftyJSON/SwiftyJSON.git";
			requirement = {
				kind = upToNextMajorVersion;
				minimumVersion = 5.0.0;
			};
		};
		2FCC1D1A28A8DB5C00E24B45 /* XCRemoteSwiftPackageReference "Kingfisher" */ = {
			isa = XCRemoteSwiftPackageReference;
			repositoryURL = "https://github.com/onevcat/Kingfisher.git";
			requirement = {
				kind = upToNextMajorVersion;
				minimumVersion = 7.0.0;
			};
		};
/* End XCRemoteSwiftPackageReference section */

/* Begin XCSwiftPackageProductDependency section */
		2FCC1D1528A8DB3700E24B45 /* Alamofire */ = {
			isa = XCSwiftPackageProductDependency;
			package = 2FCC1D1428A8DB3700E24B45 /* XCRemoteSwiftPackageReference "Alamofire" */;
			productName = Alamofire;
		};
		2FCC1D1828A8DB4C00E24B45 /* SwiftyJSON */ = {
			isa = XCSwiftPackageProductDependency;
			package = 2FCC1D1728A8DB4C00E24B45 /* XCRemoteSwiftPackageReference "SwiftyJSON" */;
			productName = SwiftyJSON;
		};
		2FCC1D1B28A8DB5C00E24B45 /* Kingfisher */ = {
			isa = XCSwiftPackageProductDependency;
			package = 2FCC1D1A28A8DB5C00E24B45 /* XCRemoteSwiftPackageReference "Kingfisher" */;
			productName = Kingfisher;
		};
/* End XCSwiftPackageProductDependency section */
	};
	rootObject = 2FCC1CF528A8DAE800E24B45 /* Project object */;
}
